
Microsoft Visual Studio Solution File, Format Version 12.00
# Visual Studio Version 16
VisualStudioVersion = 16.0.28803.156
MinimumVisualStudioVersion = 10.0.40219.1
Project("{A07B5EB6-E848-4116-A8D0-A826331D98C6}") = "EapSfApp", "EapSfApp\EapSfApp.sfproj", "{FE982089-FF37-42D0-B660-A82B2482FE23}"
EndProject
Project("{9A19103F-16F7-4668-BE54-9A1E7A4F7556}") = "ApiGateway", "src\ApiGateway\ApiGateway.csproj", "{6C62E3A2-52B0-425F-ACB6-64944DD00B24}"
EndProject
Project("{9A19103F-16F7-4668-BE54-9A1E7A4F7556}") = "ApiCommon", "src\ApiCommon\ApiCommon.csproj", "{39A99A37-403C-4ECD-95C0-AC3BCC8E806E}"
EndProject
Project("{9A19103F-16F7-4668-BE54-9A1E7A4F7556}") = "ConfigMgmtApi", "src\ConfigMgmtApi\ConfigMgmtApi.csproj", "{21779EDA-61E1-4B87-ABC1-B98F95052883}"
EndProject
Project("{9A19103F-16F7-4668-BE54-9A1E7A4F7556}") = "ConfigMgmtDomain", "src\ConfigMgmtDomain\ConfigMgmtDomain.csproj", "{FE11AB17-C61B-4EA2-B4E9-0BF217AEFF91}"
EndProject
Project("{9A19103F-16F7-4668-BE54-9A1E7A4F7556}") = "EnterpriseContactApi", "src\EnterpriseContactApi\EnterpriseContactApi.csproj", "{05A492DC-37CC-47D1-B5DA-C484769A6A6E}"
EndProject
Project("{9A19103F-16F7-4668-BE54-9A1E7A4F7556}") = "EnterpriseContactDomain", "src\EnterpriseContactDomain\EnterpriseContactDomain.csproj", "{8D35C0D6-A4D5-4A48-9CB4-158D38D26821}"
EndProject
Project("{9A19103F-16F7-4668-BE54-9A1E7A4F7556}") = "GroupFileApi", "src\GroupFileApi\GroupFileApi.csproj", "{7170D6D8-2950-4EB3-93F6-D64F836358E8}"
EndProject
Project("{9A19103F-16F7-4668-BE54-9A1E7A4F7556}") = "GroupFileDomain", "src\GroupFileDomain\GroupFileDomain.csproj", "{4AF8D2DE-FD5A-49AE-AC29-84C4FF2B55FF}"
EndProject
Project("{9A19103F-16F7-4668-BE54-9A1E7A4F7556}") = "GroupFileService", "src\GroupFileService\GroupFileService.csproj", "{3BAD324C-F310-46B8-B8E9-E6CE91E728E8}"
EndProject
Project("{9A19103F-16F7-4668-BE54-9A1E7A4F7556}") = "SystemConfigStateService", "src\SystemConfigStateService\SystemConfigStateService.csproj", "{6AEC92A5-6F73-4142-A034-3C1304CF54AC}"
EndProject
Project("{9A19103F-16F7-4668-BE54-9A1E7A4F7556}") = "UserConfigStateService", "src\UserConfigStateService\UserConfigStateService.csproj", "{F530C042-0CAF-4A77-A138-6D82F9C4493C}"
EndProject
Project("{2150E333-8FDC-42A3-9474-1A3956D46DE8}") = "CM", "CM", "{801399DA-63EE-46AC-AE6B-BBB8C853A659}"
EndProject
Project("{2150E333-8FDC-42A3-9474-1A3956D46DE8}") = "GF", "GF", "{1A346A5C-33E2-47C6-ABD1-6347B7FF69C6}"
EndProject
Project("{2150E333-8FDC-42A3-9474-1A3956D46DE8}") = "EC", "EC", "{465AA602-5D6C-487E-B938-F488208B31B4}"
EndProject
Project("{9A19103F-16F7-4668-BE54-9A1E7A4F7556}") = "EnterpriseContactService", "src\EnterpriseContactService\EnterpriseContactService.csproj", "{B96D2B50-8454-42F8-9B6A-E1C04810F885}"
EndProject
Project("{9A19103F-16F7-4668-BE54-9A1E7A4F7556}") = "ServiceCommon", "src\ServiceCommon\ServiceCommon.csproj", "{CB3CD270-1781-40BB-B3B3-EEF6FCF4A8E7}"
EndProject
Project("{2150E333-8FDC-42A3-9474-1A3956D46DE8}") = "test", "test", "{FE74990B-5AD3-4547-B272-B42CEC239FD8}"
EndProject
Project("{9A19103F-16F7-4668-BE54-9A1E7A4F7556}") = "EnterpriseContactUnitTest", "test\EnterpriseContactUnitTest\EnterpriseContactUnitTest.csproj", "{728686A3-972D-4EB0-B0DD-C9413DD1D3C9}"
EndProject
Project("{9A19103F-16F7-4668-BE54-9A1E7A4F7556}") = "ConfigMgmtUnitTest", "test\ConfigMgmtUnitTest\ConfigMgmtUnitTest.csproj", "{9A7BEF6A-A2E6-495C-AE4F-E7240B127AF1}"
EndProject
Project("{9A19103F-16F7-4668-BE54-9A1E7A4F7556}") = "UnitTestCommon", "test\UnitTestCommon\UnitTestCommon.csproj", "{A5C2A314-C1E5-4E28-9316-38658E076CCE}"
EndProject
Project("{2150E333-8FDC-42A3-9474-1A3956D46DE8}") = "AC", "AC", "{2BC68929-310D-41AD-AEBD-8C81906210CB}"
EndProject
Project("{9A19103F-16F7-4668-BE54-9A1E7A4F7556}") = "AppComponentApi", "src\AppComponentApi\AppComponentApi.csproj", "{32141531-1572-49BA-8AB4-1ED2F86A99B2}"
EndProject
Project("{9A19103F-16F7-4668-BE54-9A1E7A4F7556}") = "TodoCenterProxyApi", "src\TodoCenterProxyApi\TodoCenterProxyApi.csproj", "{8AA23D44-C781-4DD2-B217-C354992A576C}"
EndProject
Project("{2150E333-8FDC-42A3-9474-1A3956D46DE8}") = "Notify", "Notify", "{7281CDEA-E20F-449E-859B-65F3BFDA95B2}"
EndProject
Project("{9A19103F-16F7-4668-BE54-9A1E7A4F7556}") = "Base.Eap.Notify.MsgContracts", "src\Base.Eap.Notify.MsgContracts\Base.Eap.Notify.MsgContracts.csproj", "{4146BF70-2EE6-427A-A290-ACAE1735BE9D}"
EndProject
Project("{2150E333-8FDC-42A3-9474-1A3956D46DE8}") = "IM", "IM", "{223711F9-9CE7-46F2-9E96-B19A46CBE59E}"
EndProject
Project("{9A19103F-16F7-4668-BE54-9A1E7A4F7556}") = "NotifySessionActor", "src\NotifySessionActor\NotifySessionActor.csproj", "{D744AEE8-BAFE-465C-9279-93FE22F50005}"
EndProject
Project("{9A19103F-16F7-4668-BE54-9A1E7A4F7556}") = "NotifyDomain", "src\NotifyDomain\NotifyDomain.csproj", "{DA5C4948-7633-4C3D-82D7-3E6AD168B1CE}"
EndProject
Project("{9A19103F-16F7-4668-BE54-9A1E7A4F7556}") = "ConversationCtrlStateService", "src\ConversationCtrlStateService\ConversationCtrlStateService.csproj", "{311BBFC4-96BC-4208-B5D0-6D30C91E52CD}"
EndProject
Project("{9A19103F-16F7-4668-BE54-9A1E7A4F7556}") = "InstantMessageDomain", "src\InstantMessageDomain\InstantMessageDomain.csproj", "{35248832-5E92-4DFD-993F-8E81F886323F}"
EndProject
Project("{9A19103F-16F7-4668-BE54-9A1E7A4F7556}") = "GroupFileServiceTest", "test\GroupFileServiceTest\GroupFileServiceTest.csproj", "{8A63A544-E7AE-4AD4-AE17-B7B0C9900BC5}"
EndProject
Project("{9A19103F-16F7-4668-BE54-9A1E7A4F7556}") = "InstantMessageApi", "src\InstantMessageApi\InstantMessageApi.csproj", "{61276567-8849-40E9-936E-BCBFECAA828A}"
EndProject
Project("{9A19103F-16F7-4668-BE54-9A1E7A4F7556}") = "ConversationMsgStateService", "src\ConversationMsgStateService\ConversationMsgStateService.csproj", "{7C319DCC-33C2-4B4E-B641-B883783168AF}"
EndProject
Project("{9A19103F-16F7-4668-BE54-9A1E7A4F7556}") = "Utility", "src\Utility\Utility.csproj", "{2FE8DE21-D8AE-4196-92D3-3ABC6307E50F}"
EndProject
Project("{9A19103F-16F7-4668-BE54-9A1E7A4F7556}") = "AttachmentStateService", "src\AttachmentStateService\AttachmentStateService.csproj", "{E04A3C82-C5BD-4BAF-8690-6F3F0BDF5DEF}"
EndProject
Project("{2150E333-8FDC-42A3-9474-1A3956D46DE8}") = "Attach", "Attach", "{69CC1631-1768-4DB4-8FC6-F6E0A1E17BDD}"
EndProject
Project("{9A19103F-16F7-4668-BE54-9A1E7A4F7556}") = "AttachmentDomain", "src\AttachmentDomain\AttachmentDomain.csproj", "{0FDBED95-47F0-4F86-A62E-D39B0C73AF05}"
EndProject
Project("{9A19103F-16F7-4668-BE54-9A1E7A4F7556}") = "AttachmentApi", "src\AttachmentApi\AttachmentApi.csproj", "{E360E258-3902-4AE3-9F50-7889D5881944}"
EndProject
Project("{9A19103F-16F7-4668-BE54-9A1E7A4F7556}") = "ConversationServiceTest", "test\ConversationServiceTest\ConversationServiceTest.csproj", "{F1474B5E-AB45-42B2-903A-295FC7A2820E}"
EndProject
Project("{2150E333-8FDC-42A3-9474-1A3956D46DE8}") = "Solution Items", "Solution Items", "{E0A0FDF5-525B-4FE8-86AB-24D9FB5F06B3}"
	ProjectSection(SolutionItems) = preProject
		.editorconfig = .editorconfig
		LICENSE = LICENSE
		README.md = README.md
	EndProjectSection
EndProject
Project("{9A19103F-16F7-4668-BE54-9A1E7A4F7556}") = "AttachmentUnitTest", "test\AttachmentUnitTest\AttachmentUnitTest.csproj", "{5E5B48D7-E697-4856-8906-A60AF37E58B4}"
EndProject
Project("{A07B5EB6-E848-4116-A8D0-A826331D98C6}") = "EapGatewaySfApp", "EapGatewaySfApp\EapGatewaySfApp.sfproj", "{780E1769-DD48-45B7-9C1B-B48017F5705E}"
EndProject
Project("{A07B5EB6-E848-4116-A8D0-A826331D98C6}") = "EapAcSfApp", "EapAcSfApp\EapAcSfApp.sfproj", "{6DA06EDC-E45A-4084-A682-101DFAAD1CEF}"
EndProject
Project("{A07B5EB6-E848-4116-A8D0-A826331D98C6}") = "EapCmSfApp", "EapCmSfApp\EapCmSfApp.sfproj", "{3320BCBE-F5DD-427E-98BC-34B4CB85EDE1}"
EndProject
Project("{A07B5EB6-E848-4116-A8D0-A826331D98C6}") = "EapEcSfApp", "EapEcSfApp\EapEcSfApp.sfproj", "{B0549153-31C4-4DE4-9FBE-54903FE1421F}"
EndProject
Project("{A07B5EB6-E848-4116-A8D0-A826331D98C6}") = "EapGfSfApp", "EapGfSfApp\EapGfSfApp.sfproj", "{CB3E78E3-A652-4C63-B993-C99A788BC718}"
EndProject
Project("{A07B5EB6-E848-4116-A8D0-A826331D98C6}") = "EapImSfApp", "EapImSfApp\EapImSfApp.sfproj", "{8854E8EF-2DF5-410D-94D9-B72B2D58EB3A}"
EndProject
Project("{A07B5EB6-E848-4116-A8D0-A826331D98C6}") = "EapNotifySfApp", "EapNotifySfApp\EapNotifySfApp.sfproj", "{032A6008-D9CD-463C-A29D-6D3A12F2B205}"
EndProject
Project("{A07B5EB6-E848-4116-A8D0-A826331D98C6}") = "EapAttchSfApp", "EapAttchSfApp\EapAttchSfApp.sfproj", "{993BDA8D-C9BA-4206-BF94-F879C9A64707}"
EndProject
Project("{9A19103F-16F7-4668-BE54-9A1E7A4F7556}") = "NotifyGatewayWeb", "src\NotifyGatewayWeb\NotifyGatewayWeb.csproj", "{46A18DA3-AEC7-4A54-A2D7-6D64C51A2930}"
EndProject
Project("{9A19103F-16F7-4668-BE54-9A1E7A4F7556}") = "BizSystemNotifyService", "src\BizSystemNotifyService\BizSystemNotifyService.csproj", "{6CB47C02-18B5-4D20-9F78-9D3575B92B00}"
EndProject
Project("{9A19103F-16F7-4668-BE54-9A1E7A4F7556}") = "NotifyUnitTest", "test\NotifyUnitTest\NotifyUnitTest.csproj", "{43D511EF-1F89-49C2-86F1-934FCA5F86E1}"
EndProject
Global
	GlobalSection(SolutionConfigurationPlatforms) = preSolution
		Debug|Any CPU = Debug|Any CPU
		Debug|x64 = Debug|x64
		Release|Any CPU = Release|Any CPU
		Release|x64 = Release|x64
	EndGlobalSection
	GlobalSection(ProjectConfigurationPlatforms) = postSolution
		{FE982089-FF37-42D0-B660-A82B2482FE23}.Debug|Any CPU.ActiveCfg = Debug|x64
		{FE982089-FF37-42D0-B660-A82B2482FE23}.Debug|x64.ActiveCfg = Debug|x64
		{FE982089-FF37-42D0-B660-A82B2482FE23}.Debug|x64.Build.0 = Debug|x64
		{FE982089-FF37-42D0-B660-A82B2482FE23}.Debug|x64.Deploy.0 = Debug|x64
		{FE982089-FF37-42D0-B660-A82B2482FE23}.Release|Any CPU.ActiveCfg = Release|x64
		{FE982089-FF37-42D0-B660-A82B2482FE23}.Release|x64.ActiveCfg = Release|x64
		{FE982089-FF37-42D0-B660-A82B2482FE23}.Release|x64.Build.0 = Release|x64
		{FE982089-FF37-42D0-B660-A82B2482FE23}.Release|x64.Deploy.0 = Release|x64
		{6C62E3A2-52B0-425F-ACB6-64944DD00B24}.Debug|Any CPU.ActiveCfg = Debug|Any CPU
		{6C62E3A2-52B0-425F-ACB6-64944DD00B24}.Debug|Any CPU.Build.0 = Debug|Any CPU
		{6C62E3A2-52B0-425F-ACB6-64944DD00B24}.Debug|x64.ActiveCfg = Debug|Any CPU
		{6C62E3A2-52B0-425F-ACB6-64944DD00B24}.Debug|x64.Build.0 = Debug|Any CPU
		{6C62E3A2-52B0-425F-ACB6-64944DD00B24}.Release|Any CPU.ActiveCfg = Release|Any CPU
		{6C62E3A2-52B0-425F-ACB6-64944DD00B24}.Release|Any CPU.Build.0 = Release|Any CPU
		{6C62E3A2-52B0-425F-ACB6-64944DD00B24}.Release|x64.ActiveCfg = Release|Any CPU
		{6C62E3A2-52B0-425F-ACB6-64944DD00B24}.Release|x64.Build.0 = Release|Any CPU
		{39A99A37-403C-4ECD-95C0-AC3BCC8E806E}.Debug|Any CPU.ActiveCfg = Debug|Any CPU
		{39A99A37-403C-4ECD-95C0-AC3BCC8E806E}.Debug|Any CPU.Build.0 = Debug|Any CPU
		{39A99A37-403C-4ECD-95C0-AC3BCC8E806E}.Debug|x64.ActiveCfg = Debug|Any CPU
		{39A99A37-403C-4ECD-95C0-AC3BCC8E806E}.Debug|x64.Build.0 = Debug|Any CPU
		{39A99A37-403C-4ECD-95C0-AC3BCC8E806E}.Release|Any CPU.ActiveCfg = Release|Any CPU
		{39A99A37-403C-4ECD-95C0-AC3BCC8E806E}.Release|Any CPU.Build.0 = Release|Any CPU
		{39A99A37-403C-4ECD-95C0-AC3BCC8E806E}.Release|x64.ActiveCfg = Release|Any CPU
		{39A99A37-403C-4ECD-95C0-AC3BCC8E806E}.Release|x64.Build.0 = Release|Any CPU
		{21779EDA-61E1-4B87-ABC1-B98F95052883}.Debug|Any CPU.ActiveCfg = Debug|Any CPU
		{21779EDA-61E1-4B87-ABC1-B98F95052883}.Debug|Any CPU.Build.0 = Debug|Any CPU
		{21779EDA-61E1-4B87-ABC1-B98F95052883}.Debug|x64.ActiveCfg = Debug|Any CPU
		{21779EDA-61E1-4B87-ABC1-B98F95052883}.Debug|x64.Build.0 = Debug|Any CPU
		{21779EDA-61E1-4B87-ABC1-B98F95052883}.Release|Any CPU.ActiveCfg = Release|Any CPU
		{21779EDA-61E1-4B87-ABC1-B98F95052883}.Release|Any CPU.Build.0 = Release|Any CPU
		{21779EDA-61E1-4B87-ABC1-B98F95052883}.Release|x64.ActiveCfg = Release|Any CPU
		{21779EDA-61E1-4B87-ABC1-B98F95052883}.Release|x64.Build.0 = Release|Any CPU
		{FE11AB17-C61B-4EA2-B4E9-0BF217AEFF91}.Debug|Any CPU.ActiveCfg = Debug|Any CPU
		{FE11AB17-C61B-4EA2-B4E9-0BF217AEFF91}.Debug|Any CPU.Build.0 = Debug|Any CPU
		{FE11AB17-C61B-4EA2-B4E9-0BF217AEFF91}.Debug|x64.ActiveCfg = Debug|Any CPU
		{FE11AB17-C61B-4EA2-B4E9-0BF217AEFF91}.Debug|x64.Build.0 = Debug|Any CPU
		{FE11AB17-C61B-4EA2-B4E9-0BF217AEFF91}.Release|Any CPU.ActiveCfg = Release|Any CPU
		{FE11AB17-C61B-4EA2-B4E9-0BF217AEFF91}.Release|Any CPU.Build.0 = Release|Any CPU
		{FE11AB17-C61B-4EA2-B4E9-0BF217AEFF91}.Release|x64.ActiveCfg = Release|Any CPU
		{FE11AB17-C61B-4EA2-B4E9-0BF217AEFF91}.Release|x64.Build.0 = Release|Any CPU
		{05A492DC-37CC-47D1-B5DA-C484769A6A6E}.Debug|Any CPU.ActiveCfg = Debug|Any CPU
		{05A492DC-37CC-47D1-B5DA-C484769A6A6E}.Debug|Any CPU.Build.0 = Debug|Any CPU
		{05A492DC-37CC-47D1-B5DA-C484769A6A6E}.Debug|x64.ActiveCfg = Debug|Any CPU
		{05A492DC-37CC-47D1-B5DA-C484769A6A6E}.Debug|x64.Build.0 = Debug|Any CPU
		{05A492DC-37CC-47D1-B5DA-C484769A6A6E}.Release|Any CPU.ActiveCfg = Release|Any CPU
		{05A492DC-37CC-47D1-B5DA-C484769A6A6E}.Release|Any CPU.Build.0 = Release|Any CPU
		{05A492DC-37CC-47D1-B5DA-C484769A6A6E}.Release|x64.ActiveCfg = Release|Any CPU
		{05A492DC-37CC-47D1-B5DA-C484769A6A6E}.Release|x64.Build.0 = Release|Any CPU
		{8D35C0D6-A4D5-4A48-9CB4-158D38D26821}.Debug|Any CPU.ActiveCfg = Debug|Any CPU
		{8D35C0D6-A4D5-4A48-9CB4-158D38D26821}.Debug|Any CPU.Build.0 = Debug|Any CPU
		{8D35C0D6-A4D5-4A48-9CB4-158D38D26821}.Debug|x64.ActiveCfg = Debug|Any CPU
		{8D35C0D6-A4D5-4A48-9CB4-158D38D26821}.Debug|x64.Build.0 = Debug|Any CPU
		{8D35C0D6-A4D5-4A48-9CB4-158D38D26821}.Release|Any CPU.ActiveCfg = Release|Any CPU
		{8D35C0D6-A4D5-4A48-9CB4-158D38D26821}.Release|Any CPU.Build.0 = Release|Any CPU
		{8D35C0D6-A4D5-4A48-9CB4-158D38D26821}.Release|x64.ActiveCfg = Release|Any CPU
		{8D35C0D6-A4D5-4A48-9CB4-158D38D26821}.Release|x64.Build.0 = Release|Any CPU
		{7170D6D8-2950-4EB3-93F6-D64F836358E8}.Debug|Any CPU.ActiveCfg = Debug|Any CPU
		{7170D6D8-2950-4EB3-93F6-D64F836358E8}.Debug|Any CPU.Build.0 = Debug|Any CPU
		{7170D6D8-2950-4EB3-93F6-D64F836358E8}.Debug|x64.ActiveCfg = Debug|Any CPU
		{7170D6D8-2950-4EB3-93F6-D64F836358E8}.Debug|x64.Build.0 = Debug|Any CPU
		{7170D6D8-2950-4EB3-93F6-D64F836358E8}.Release|Any CPU.ActiveCfg = Release|Any CPU
		{7170D6D8-2950-4EB3-93F6-D64F836358E8}.Release|Any CPU.Build.0 = Release|Any CPU
		{7170D6D8-2950-4EB3-93F6-D64F836358E8}.Release|x64.ActiveCfg = Release|Any CPU
		{7170D6D8-2950-4EB3-93F6-D64F836358E8}.Release|x64.Build.0 = Release|Any CPU
		{4AF8D2DE-FD5A-49AE-AC29-84C4FF2B55FF}.Debug|Any CPU.ActiveCfg = Debug|Any CPU
		{4AF8D2DE-FD5A-49AE-AC29-84C4FF2B55FF}.Debug|Any CPU.Build.0 = Debug|Any CPU
		{4AF8D2DE-FD5A-49AE-AC29-84C4FF2B55FF}.Debug|x64.ActiveCfg = Debug|Any CPU
		{4AF8D2DE-FD5A-49AE-AC29-84C4FF2B55FF}.Debug|x64.Build.0 = Debug|Any CPU
		{4AF8D2DE-FD5A-49AE-AC29-84C4FF2B55FF}.Release|Any CPU.ActiveCfg = Release|Any CPU
		{4AF8D2DE-FD5A-49AE-AC29-84C4FF2B55FF}.Release|Any CPU.Build.0 = Release|Any CPU
		{4AF8D2DE-FD5A-49AE-AC29-84C4FF2B55FF}.Release|x64.ActiveCfg = Release|Any CPU
		{4AF8D2DE-FD5A-49AE-AC29-84C4FF2B55FF}.Release|x64.Build.0 = Release|Any CPU
		{3BAD324C-F310-46B8-B8E9-E6CE91E728E8}.Debug|Any CPU.ActiveCfg = Debug|Any CPU
		{3BAD324C-F310-46B8-B8E9-E6CE91E728E8}.Debug|Any CPU.Build.0 = Debug|Any CPU
		{3BAD324C-F310-46B8-B8E9-E6CE91E728E8}.Debug|x64.ActiveCfg = Debug|Any CPU
		{3BAD324C-F310-46B8-B8E9-E6CE91E728E8}.Debug|x64.Build.0 = Debug|Any CPU
		{3BAD324C-F310-46B8-B8E9-E6CE91E728E8}.Release|Any CPU.ActiveCfg = Release|Any CPU
		{3BAD324C-F310-46B8-B8E9-E6CE91E728E8}.Release|Any CPU.Build.0 = Release|Any CPU
		{3BAD324C-F310-46B8-B8E9-E6CE91E728E8}.Release|x64.ActiveCfg = Release|Any CPU
		{3BAD324C-F310-46B8-B8E9-E6CE91E728E8}.Release|x64.Build.0 = Release|Any CPU
		{6AEC92A5-6F73-4142-A034-3C1304CF54AC}.Debug|Any CPU.ActiveCfg = Debug|Any CPU
		{6AEC92A5-6F73-4142-A034-3C1304CF54AC}.Debug|Any CPU.Build.0 = Debug|Any CPU
		{6AEC92A5-6F73-4142-A034-3C1304CF54AC}.Debug|x64.ActiveCfg = Debug|Any CPU
		{6AEC92A5-6F73-4142-A034-3C1304CF54AC}.Debug|x64.Build.0 = Debug|Any CPU
		{6AEC92A5-6F73-4142-A034-3C1304CF54AC}.Release|Any CPU.ActiveCfg = Release|Any CPU
		{6AEC92A5-6F73-4142-A034-3C1304CF54AC}.Release|Any CPU.Build.0 = Release|Any CPU
		{6AEC92A5-6F73-4142-A034-3C1304CF54AC}.Release|x64.ActiveCfg = Release|Any CPU
		{6AEC92A5-6F73-4142-A034-3C1304CF54AC}.Release|x64.Build.0 = Release|Any CPU
		{F530C042-0CAF-4A77-A138-6D82F9C4493C}.Debug|Any CPU.ActiveCfg = Debug|Any CPU
		{F530C042-0CAF-4A77-A138-6D82F9C4493C}.Debug|Any CPU.Build.0 = Debug|Any CPU
		{F530C042-0CAF-4A77-A138-6D82F9C4493C}.Debug|x64.ActiveCfg = Debug|Any CPU
		{F530C042-0CAF-4A77-A138-6D82F9C4493C}.Debug|x64.Build.0 = Debug|Any CPU
		{F530C042-0CAF-4A77-A138-6D82F9C4493C}.Release|Any CPU.ActiveCfg = Release|Any CPU
		{F530C042-0CAF-4A77-A138-6D82F9C4493C}.Release|Any CPU.Build.0 = Release|Any CPU
		{F530C042-0CAF-4A77-A138-6D82F9C4493C}.Release|x64.ActiveCfg = Release|Any CPU
		{F530C042-0CAF-4A77-A138-6D82F9C4493C}.Release|x64.Build.0 = Release|Any CPU
		{B96D2B50-8454-42F8-9B6A-E1C04810F885}.Debug|Any CPU.ActiveCfg = Debug|Any CPU
		{B96D2B50-8454-42F8-9B6A-E1C04810F885}.Debug|Any CPU.Build.0 = Debug|Any CPU
		{B96D2B50-8454-42F8-9B6A-E1C04810F885}.Debug|x64.ActiveCfg = Debug|Any CPU
		{B96D2B50-8454-42F8-9B6A-E1C04810F885}.Debug|x64.Build.0 = Debug|Any CPU
		{B96D2B50-8454-42F8-9B6A-E1C04810F885}.Release|Any CPU.ActiveCfg = Release|Any CPU
		{B96D2B50-8454-42F8-9B6A-E1C04810F885}.Release|Any CPU.Build.0 = Release|Any CPU
		{B96D2B50-8454-42F8-9B6A-E1C04810F885}.Release|x64.ActiveCfg = Release|Any CPU
		{B96D2B50-8454-42F8-9B6A-E1C04810F885}.Release|x64.Build.0 = Release|Any CPU
		{CB3CD270-1781-40BB-B3B3-EEF6FCF4A8E7}.Debug|Any CPU.ActiveCfg = Debug|Any CPU
		{CB3CD270-1781-40BB-B3B3-EEF6FCF4A8E7}.Debug|Any CPU.Build.0 = Debug|Any CPU
		{CB3CD270-1781-40BB-B3B3-EEF6FCF4A8E7}.Debug|x64.ActiveCfg = Debug|Any CPU
		{CB3CD270-1781-40BB-B3B3-EEF6FCF4A8E7}.Debug|x64.Build.0 = Debug|Any CPU
		{CB3CD270-1781-40BB-B3B3-EEF6FCF4A8E7}.Release|Any CPU.ActiveCfg = Release|Any CPU
		{CB3CD270-1781-40BB-B3B3-EEF6FCF4A8E7}.Release|Any CPU.Build.0 = Release|Any CPU
		{CB3CD270-1781-40BB-B3B3-EEF6FCF4A8E7}.Release|x64.ActiveCfg = Release|Any CPU
		{CB3CD270-1781-40BB-B3B3-EEF6FCF4A8E7}.Release|x64.Build.0 = Release|Any CPU
		{728686A3-972D-4EB0-B0DD-C9413DD1D3C9}.Debug|Any CPU.ActiveCfg = Debug|Any CPU
		{728686A3-972D-4EB0-B0DD-C9413DD1D3C9}.Debug|Any CPU.Build.0 = Debug|Any CPU
		{728686A3-972D-4EB0-B0DD-C9413DD1D3C9}.Debug|x64.ActiveCfg = Debug|Any CPU
		{728686A3-972D-4EB0-B0DD-C9413DD1D3C9}.Debug|x64.Build.0 = Debug|Any CPU
		{728686A3-972D-4EB0-B0DD-C9413DD1D3C9}.Release|Any CPU.ActiveCfg = Release|Any CPU
		{728686A3-972D-4EB0-B0DD-C9413DD1D3C9}.Release|Any CPU.Build.0 = Release|Any CPU
		{728686A3-972D-4EB0-B0DD-C9413DD1D3C9}.Release|x64.ActiveCfg = Release|Any CPU
		{728686A3-972D-4EB0-B0DD-C9413DD1D3C9}.Release|x64.Build.0 = Release|Any CPU
		{9A7BEF6A-A2E6-495C-AE4F-E7240B127AF1}.Debug|Any CPU.ActiveCfg = Debug|Any CPU
		{9A7BEF6A-A2E6-495C-AE4F-E7240B127AF1}.Debug|Any CPU.Build.0 = Debug|Any CPU
		{9A7BEF6A-A2E6-495C-AE4F-E7240B127AF1}.Debug|x64.ActiveCfg = Debug|Any CPU
		{9A7BEF6A-A2E6-495C-AE4F-E7240B127AF1}.Debug|x64.Build.0 = Debug|Any CPU
		{9A7BEF6A-A2E6-495C-AE4F-E7240B127AF1}.Release|Any CPU.ActiveCfg = Release|Any CPU
		{9A7BEF6A-A2E6-495C-AE4F-E7240B127AF1}.Release|Any CPU.Build.0 = Release|Any CPU
		{9A7BEF6A-A2E6-495C-AE4F-E7240B127AF1}.Release|x64.ActiveCfg = Release|Any CPU
		{9A7BEF6A-A2E6-495C-AE4F-E7240B127AF1}.Release|x64.Build.0 = Release|Any CPU
		{A5C2A314-C1E5-4E28-9316-38658E076CCE}.Debug|Any CPU.ActiveCfg = Debug|Any CPU
		{A5C2A314-C1E5-4E28-9316-38658E076CCE}.Debug|Any CPU.Build.0 = Debug|Any CPU
		{A5C2A314-C1E5-4E28-9316-38658E076CCE}.Debug|x64.ActiveCfg = Debug|Any CPU
		{A5C2A314-C1E5-4E28-9316-38658E076CCE}.Debug|x64.Build.0 = Debug|Any CPU
		{A5C2A314-C1E5-4E28-9316-38658E076CCE}.Release|Any CPU.ActiveCfg = Release|Any CPU
		{A5C2A314-C1E5-4E28-9316-38658E076CCE}.Release|Any CPU.Build.0 = Release|Any CPU
		{A5C2A314-C1E5-4E28-9316-38658E076CCE}.Release|x64.ActiveCfg = Release|Any CPU
		{A5C2A314-C1E5-4E28-9316-38658E076CCE}.Release|x64.Build.0 = Release|Any CPU
		{32141531-1572-49BA-8AB4-1ED2F86A99B2}.Debug|Any CPU.ActiveCfg = Debug|Any CPU
		{32141531-1572-49BA-8AB4-1ED2F86A99B2}.Debug|Any CPU.Build.0 = Debug|Any CPU
		{32141531-1572-49BA-8AB4-1ED2F86A99B2}.Debug|x64.ActiveCfg = Debug|Any CPU
		{32141531-1572-49BA-8AB4-1ED2F86A99B2}.Debug|x64.Build.0 = Debug|Any CPU
		{32141531-1572-49BA-8AB4-1ED2F86A99B2}.Release|Any CPU.ActiveCfg = Release|Any CPU
		{32141531-1572-49BA-8AB4-1ED2F86A99B2}.Release|Any CPU.Build.0 = Release|Any CPU
		{32141531-1572-49BA-8AB4-1ED2F86A99B2}.Release|x64.ActiveCfg = Release|Any CPU
		{32141531-1572-49BA-8AB4-1ED2F86A99B2}.Release|x64.Build.0 = Release|Any CPU
		{8AA23D44-C781-4DD2-B217-C354992A576C}.Debug|Any CPU.ActiveCfg = Debug|Any CPU
		{8AA23D44-C781-4DD2-B217-C354992A576C}.Debug|Any CPU.Build.0 = Debug|Any CPU
		{8AA23D44-C781-4DD2-B217-C354992A576C}.Debug|x64.ActiveCfg = Debug|Any CPU
		{8AA23D44-C781-4DD2-B217-C354992A576C}.Debug|x64.Build.0 = Debug|Any CPU
		{8AA23D44-C781-4DD2-B217-C354992A576C}.Release|Any CPU.ActiveCfg = Release|Any CPU
		{8AA23D44-C781-4DD2-B217-C354992A576C}.Release|Any CPU.Build.0 = Release|Any CPU
		{8AA23D44-C781-4DD2-B217-C354992A576C}.Release|x64.ActiveCfg = Release|Any CPU
		{8AA23D44-C781-4DD2-B217-C354992A576C}.Release|x64.Build.0 = Release|Any CPU
		{4146BF70-2EE6-427A-A290-ACAE1735BE9D}.Debug|Any CPU.ActiveCfg = Debug|Any CPU
		{4146BF70-2EE6-427A-A290-ACAE1735BE9D}.Debug|Any CPU.Build.0 = Debug|Any CPU
		{4146BF70-2EE6-427A-A290-ACAE1735BE9D}.Debug|x64.ActiveCfg = Debug|Any CPU
		{4146BF70-2EE6-427A-A290-ACAE1735BE9D}.Debug|x64.Build.0 = Debug|Any CPU
		{4146BF70-2EE6-427A-A290-ACAE1735BE9D}.Release|Any CPU.ActiveCfg = Release|Any CPU
		{4146BF70-2EE6-427A-A290-ACAE1735BE9D}.Release|Any CPU.Build.0 = Release|Any CPU
		{4146BF70-2EE6-427A-A290-ACAE1735BE9D}.Release|x64.ActiveCfg = Release|Any CPU
		{4146BF70-2EE6-427A-A290-ACAE1735BE9D}.Release|x64.Build.0 = Release|Any CPU
		{D744AEE8-BAFE-465C-9279-93FE22F50005}.Debug|Any CPU.ActiveCfg = Debug|Any CPU
		{D744AEE8-BAFE-465C-9279-93FE22F50005}.Debug|Any CPU.Build.0 = Debug|Any CPU
		{D744AEE8-BAFE-465C-9279-93FE22F50005}.Debug|x64.ActiveCfg = Debug|Any CPU
		{D744AEE8-BAFE-465C-9279-93FE22F50005}.Debug|x64.Build.0 = Debug|Any CPU
		{D744AEE8-BAFE-465C-9279-93FE22F50005}.Release|Any CPU.ActiveCfg = Release|Any CPU
		{D744AEE8-BAFE-465C-9279-93FE22F50005}.Release|Any CPU.Build.0 = Release|Any CPU
		{D744AEE8-BAFE-465C-9279-93FE22F50005}.Release|x64.ActiveCfg = Release|Any CPU
		{D744AEE8-BAFE-465C-9279-93FE22F50005}.Release|x64.Build.0 = Release|Any CPU
		{DA5C4948-7633-4C3D-82D7-3E6AD168B1CE}.Debug|Any CPU.ActiveCfg = Debug|Any CPU
		{DA5C4948-7633-4C3D-82D7-3E6AD168B1CE}.Debug|Any CPU.Build.0 = Debug|Any CPU
		{DA5C4948-7633-4C3D-82D7-3E6AD168B1CE}.Debug|x64.ActiveCfg = Debug|Any CPU
		{DA5C4948-7633-4C3D-82D7-3E6AD168B1CE}.Debug|x64.Build.0 = Debug|Any CPU
		{DA5C4948-7633-4C3D-82D7-3E6AD168B1CE}.Release|Any CPU.ActiveCfg = Release|Any CPU
		{DA5C4948-7633-4C3D-82D7-3E6AD168B1CE}.Release|Any CPU.Build.0 = Release|Any CPU
		{DA5C4948-7633-4C3D-82D7-3E6AD168B1CE}.Release|x64.ActiveCfg = Release|Any CPU
		{DA5C4948-7633-4C3D-82D7-3E6AD168B1CE}.Release|x64.Build.0 = Release|Any CPU
		{311BBFC4-96BC-4208-B5D0-6D30C91E52CD}.Debug|Any CPU.ActiveCfg = Debug|Any CPU
		{311BBFC4-96BC-4208-B5D0-6D30C91E52CD}.Debug|Any CPU.Build.0 = Debug|Any CPU
		{311BBFC4-96BC-4208-B5D0-6D30C91E52CD}.Debug|x64.ActiveCfg = Debug|Any CPU
		{311BBFC4-96BC-4208-B5D0-6D30C91E52CD}.Debug|x64.Build.0 = Debug|Any CPU
		{311BBFC4-96BC-4208-B5D0-6D30C91E52CD}.Release|Any CPU.ActiveCfg = Release|Any CPU
		{311BBFC4-96BC-4208-B5D0-6D30C91E52CD}.Release|Any CPU.Build.0 = Release|Any CPU
		{311BBFC4-96BC-4208-B5D0-6D30C91E52CD}.Release|x64.ActiveCfg = Release|Any CPU
		{311BBFC4-96BC-4208-B5D0-6D30C91E52CD}.Release|x64.Build.0 = Release|Any CPU
		{35248832-5E92-4DFD-993F-8E81F886323F}.Debug|Any CPU.ActiveCfg = Debug|Any CPU
		{35248832-5E92-4DFD-993F-8E81F886323F}.Debug|Any CPU.Build.0 = Debug|Any CPU
		{35248832-5E92-4DFD-993F-8E81F886323F}.Debug|x64.ActiveCfg = Debug|Any CPU
		{35248832-5E92-4DFD-993F-8E81F886323F}.Debug|x64.Build.0 = Debug|Any CPU
		{35248832-5E92-4DFD-993F-8E81F886323F}.Release|Any CPU.ActiveCfg = Release|Any CPU
		{35248832-5E92-4DFD-993F-8E81F886323F}.Release|Any CPU.Build.0 = Release|Any CPU
		{35248832-5E92-4DFD-993F-8E81F886323F}.Release|x64.ActiveCfg = Release|Any CPU
		{35248832-5E92-4DFD-993F-8E81F886323F}.Release|x64.Build.0 = Release|Any CPU
		{8A63A544-E7AE-4AD4-AE17-B7B0C9900BC5}.Debug|Any CPU.ActiveCfg = Debug|Any CPU
		{8A63A544-E7AE-4AD4-AE17-B7B0C9900BC5}.Debug|Any CPU.Build.0 = Debug|Any CPU
		{8A63A544-E7AE-4AD4-AE17-B7B0C9900BC5}.Debug|x64.ActiveCfg = Debug|Any CPU
		{8A63A544-E7AE-4AD4-AE17-B7B0C9900BC5}.Debug|x64.Build.0 = Debug|Any CPU
		{8A63A544-E7AE-4AD4-AE17-B7B0C9900BC5}.Release|Any CPU.ActiveCfg = Release|Any CPU
		{8A63A544-E7AE-4AD4-AE17-B7B0C9900BC5}.Release|Any CPU.Build.0 = Release|Any CPU
		{8A63A544-E7AE-4AD4-AE17-B7B0C9900BC5}.Release|x64.ActiveCfg = Release|Any CPU
		{8A63A544-E7AE-4AD4-AE17-B7B0C9900BC5}.Release|x64.Build.0 = Release|Any CPU
		{61276567-8849-40E9-936E-BCBFECAA828A}.Debug|Any CPU.ActiveCfg = Debug|Any CPU
		{61276567-8849-40E9-936E-BCBFECAA828A}.Debug|Any CPU.Build.0 = Debug|Any CPU
		{61276567-8849-40E9-936E-BCBFECAA828A}.Debug|x64.ActiveCfg = Debug|Any CPU
		{61276567-8849-40E9-936E-BCBFECAA828A}.Debug|x64.Build.0 = Debug|Any CPU
		{61276567-8849-40E9-936E-BCBFECAA828A}.Release|Any CPU.ActiveCfg = Release|Any CPU
		{61276567-8849-40E9-936E-BCBFECAA828A}.Release|Any CPU.Build.0 = Release|Any CPU
		{61276567-8849-40E9-936E-BCBFECAA828A}.Release|x64.ActiveCfg = Release|Any CPU
		{61276567-8849-40E9-936E-BCBFECAA828A}.Release|x64.Build.0 = Release|Any CPU
		{7C319DCC-33C2-4B4E-B641-B883783168AF}.Debug|Any CPU.ActiveCfg = Debug|Any CPU
		{7C319DCC-33C2-4B4E-B641-B883783168AF}.Debug|Any CPU.Build.0 = Debug|Any CPU
		{7C319DCC-33C2-4B4E-B641-B883783168AF}.Debug|x64.ActiveCfg = Debug|Any CPU
		{7C319DCC-33C2-4B4E-B641-B883783168AF}.Debug|x64.Build.0 = Debug|Any CPU
		{7C319DCC-33C2-4B4E-B641-B883783168AF}.Release|Any CPU.ActiveCfg = Release|Any CPU
		{7C319DCC-33C2-4B4E-B641-B883783168AF}.Release|Any CPU.Build.0 = Release|Any CPU
		{7C319DCC-33C2-4B4E-B641-B883783168AF}.Release|x64.ActiveCfg = Release|Any CPU
		{7C319DCC-33C2-4B4E-B641-B883783168AF}.Release|x64.Build.0 = Release|Any CPU
		{2FE8DE21-D8AE-4196-92D3-3ABC6307E50F}.Debug|Any CPU.ActiveCfg = Debug|Any CPU
		{2FE8DE21-D8AE-4196-92D3-3ABC6307E50F}.Debug|Any CPU.Build.0 = Debug|Any CPU
		{2FE8DE21-D8AE-4196-92D3-3ABC6307E50F}.Debug|x64.ActiveCfg = Debug|Any CPU
		{2FE8DE21-D8AE-4196-92D3-3ABC6307E50F}.Debug|x64.Build.0 = Debug|Any CPU
		{2FE8DE21-D8AE-4196-92D3-3ABC6307E50F}.Release|Any CPU.ActiveCfg = Release|Any CPU
		{2FE8DE21-D8AE-4196-92D3-3ABC6307E50F}.Release|Any CPU.Build.0 = Release|Any CPU
		{2FE8DE21-D8AE-4196-92D3-3ABC6307E50F}.Release|x64.ActiveCfg = Release|Any CPU
		{2FE8DE21-D8AE-4196-92D3-3ABC6307E50F}.Release|x64.Build.0 = Release|Any CPU
		{E04A3C82-C5BD-4BAF-8690-6F3F0BDF5DEF}.Debug|Any CPU.ActiveCfg = Debug|Any CPU
		{E04A3C82-C5BD-4BAF-8690-6F3F0BDF5DEF}.Debug|Any CPU.Build.0 = Debug|Any CPU
		{E04A3C82-C5BD-4BAF-8690-6F3F0BDF5DEF}.Debug|x64.ActiveCfg = Debug|Any CPU
		{E04A3C82-C5BD-4BAF-8690-6F3F0BDF5DEF}.Debug|x64.Build.0 = Debug|Any CPU
		{E04A3C82-C5BD-4BAF-8690-6F3F0BDF5DEF}.Release|Any CPU.ActiveCfg = Release|Any CPU
		{E04A3C82-C5BD-4BAF-8690-6F3F0BDF5DEF}.Release|Any CPU.Build.0 = Release|Any CPU
		{E04A3C82-C5BD-4BAF-8690-6F3F0BDF5DEF}.Release|x64.ActiveCfg = Release|Any CPU
		{E04A3C82-C5BD-4BAF-8690-6F3F0BDF5DEF}.Release|x64.Build.0 = Release|Any CPU
		{0FDBED95-47F0-4F86-A62E-D39B0C73AF05}.Debug|Any CPU.ActiveCfg = Debug|Any CPU
		{0FDBED95-47F0-4F86-A62E-D39B0C73AF05}.Debug|Any CPU.Build.0 = Debug|Any CPU
		{0FDBED95-47F0-4F86-A62E-D39B0C73AF05}.Debug|x64.ActiveCfg = Debug|Any CPU
		{0FDBED95-47F0-4F86-A62E-D39B0C73AF05}.Debug|x64.Build.0 = Debug|Any CPU
		{0FDBED95-47F0-4F86-A62E-D39B0C73AF05}.Release|Any CPU.ActiveCfg = Release|Any CPU
		{0FDBED95-47F0-4F86-A62E-D39B0C73AF05}.Release|Any CPU.Build.0 = Release|Any CPU
		{0FDBED95-47F0-4F86-A62E-D39B0C73AF05}.Release|x64.ActiveCfg = Release|Any CPU
		{0FDBED95-47F0-4F86-A62E-D39B0C73AF05}.Release|x64.Build.0 = Release|Any CPU
		{E360E258-3902-4AE3-9F50-7889D5881944}.Debug|Any CPU.ActiveCfg = Debug|Any CPU
		{E360E258-3902-4AE3-9F50-7889D5881944}.Debug|Any CPU.Build.0 = Debug|Any CPU
		{E360E258-3902-4AE3-9F50-7889D5881944}.Debug|x64.ActiveCfg = Debug|Any CPU
		{E360E258-3902-4AE3-9F50-7889D5881944}.Debug|x64.Build.0 = Debug|Any CPU
		{E360E258-3902-4AE3-9F50-7889D5881944}.Release|Any CPU.ActiveCfg = Release|Any CPU
		{E360E258-3902-4AE3-9F50-7889D5881944}.Release|Any CPU.Build.0 = Release|Any CPU
		{E360E258-3902-4AE3-9F50-7889D5881944}.Release|x64.ActiveCfg = Release|Any CPU
		{E360E258-3902-4AE3-9F50-7889D5881944}.Release|x64.Build.0 = Release|Any CPU
		{F1474B5E-AB45-42B2-903A-295FC7A2820E}.Debug|Any CPU.ActiveCfg = Debug|Any CPU
		{F1474B5E-AB45-42B2-903A-295FC7A2820E}.Debug|Any CPU.Build.0 = Debug|Any CPU
		{F1474B5E-AB45-42B2-903A-295FC7A2820E}.Debug|x64.ActiveCfg = Debug|Any CPU
		{F1474B5E-AB45-42B2-903A-295FC7A2820E}.Debug|x64.Build.0 = Debug|Any CPU
		{F1474B5E-AB45-42B2-903A-295FC7A2820E}.Release|Any CPU.ActiveCfg = Release|Any CPU
		{F1474B5E-AB45-42B2-903A-295FC7A2820E}.Release|Any CPU.Build.0 = Release|Any CPU
		{F1474B5E-AB45-42B2-903A-295FC7A2820E}.Release|x64.ActiveCfg = Release|Any CPU
		{F1474B5E-AB45-42B2-903A-295FC7A2820E}.Release|x64.Build.0 = Release|Any CPU
		{5E5B48D7-E697-4856-8906-A60AF37E58B4}.Debug|Any CPU.ActiveCfg = Debug|Any CPU
		{5E5B48D7-E697-4856-8906-A60AF37E58B4}.Debug|Any CPU.Build.0 = Debug|Any CPU
		{5E5B48D7-E697-4856-8906-A60AF37E58B4}.Debug|x64.ActiveCfg = Debug|Any CPU
		{5E5B48D7-E697-4856-8906-A60AF37E58B4}.Debug|x64.Build.0 = Debug|Any CPU
		{5E5B48D7-E697-4856-8906-A60AF37E58B4}.Release|Any CPU.ActiveCfg = Release|Any CPU
		{5E5B48D7-E697-4856-8906-A60AF37E58B4}.Release|Any CPU.Build.0 = Release|Any CPU
		{5E5B48D7-E697-4856-8906-A60AF37E58B4}.Release|x64.ActiveCfg = Release|Any CPU
		{5E5B48D7-E697-4856-8906-A60AF37E58B4}.Release|x64.Build.0 = Release|Any CPU
		{780E1769-DD48-45B7-9C1B-B48017F5705E}.Debug|Any CPU.ActiveCfg = Debug|x64
		{780E1769-DD48-45B7-9C1B-B48017F5705E}.Debug|x64.ActiveCfg = Debug|x64
		{780E1769-DD48-45B7-9C1B-B48017F5705E}.Debug|x64.Build.0 = Debug|x64
		{780E1769-DD48-45B7-9C1B-B48017F5705E}.Debug|x64.Deploy.0 = Debug|x64
		{780E1769-DD48-45B7-9C1B-B48017F5705E}.Release|Any CPU.ActiveCfg = Release|x64
		{780E1769-DD48-45B7-9C1B-B48017F5705E}.Release|x64.ActiveCfg = Release|x64
		{780E1769-DD48-45B7-9C1B-B48017F5705E}.Release|x64.Build.0 = Release|x64
		{780E1769-DD48-45B7-9C1B-B48017F5705E}.Release|x64.Deploy.0 = Release|x64
		{6DA06EDC-E45A-4084-A682-101DFAAD1CEF}.Debug|Any CPU.ActiveCfg = Debug|x64
		{6DA06EDC-E45A-4084-A682-101DFAAD1CEF}.Debug|x64.ActiveCfg = Debug|x64
		{6DA06EDC-E45A-4084-A682-101DFAAD1CEF}.Debug|x64.Build.0 = Debug|x64
		{6DA06EDC-E45A-4084-A682-101DFAAD1CEF}.Debug|x64.Deploy.0 = Debug|x64
		{6DA06EDC-E45A-4084-A682-101DFAAD1CEF}.Release|Any CPU.ActiveCfg = Release|x64
		{6DA06EDC-E45A-4084-A682-101DFAAD1CEF}.Release|x64.ActiveCfg = Release|x64
		{6DA06EDC-E45A-4084-A682-101DFAAD1CEF}.Release|x64.Build.0 = Release|x64
		{6DA06EDC-E45A-4084-A682-101DFAAD1CEF}.Release|x64.Deploy.0 = Release|x64
		{3320BCBE-F5DD-427E-98BC-34B4CB85EDE1}.Debug|Any CPU.ActiveCfg = Debug|x64
		{3320BCBE-F5DD-427E-98BC-34B4CB85EDE1}.Debug|x64.ActiveCfg = Debug|x64
		{3320BCBE-F5DD-427E-98BC-34B4CB85EDE1}.Debug|x64.Build.0 = Debug|x64
		{3320BCBE-F5DD-427E-98BC-34B4CB85EDE1}.Debug|x64.Deploy.0 = Debug|x64
		{3320BCBE-F5DD-427E-98BC-34B4CB85EDE1}.Release|Any CPU.ActiveCfg = Release|x64
		{3320BCBE-F5DD-427E-98BC-34B4CB85EDE1}.Release|x64.ActiveCfg = Release|x64
		{3320BCBE-F5DD-427E-98BC-34B4CB85EDE1}.Release|x64.Build.0 = Release|x64
		{3320BCBE-F5DD-427E-98BC-34B4CB85EDE1}.Release|x64.Deploy.0 = Release|x64
		{B0549153-31C4-4DE4-9FBE-54903FE1421F}.Debug|Any CPU.ActiveCfg = Debug|x64
		{B0549153-31C4-4DE4-9FBE-54903FE1421F}.Debug|x64.ActiveCfg = Debug|x64
		{B0549153-31C4-4DE4-9FBE-54903FE1421F}.Debug|x64.Build.0 = Debug|x64
		{B0549153-31C4-4DE4-9FBE-54903FE1421F}.Debug|x64.Deploy.0 = Debug|x64
		{B0549153-31C4-4DE4-9FBE-54903FE1421F}.Release|Any CPU.ActiveCfg = Release|x64
		{B0549153-31C4-4DE4-9FBE-54903FE1421F}.Release|x64.ActiveCfg = Release|x64
		{B0549153-31C4-4DE4-9FBE-54903FE1421F}.Release|x64.Build.0 = Release|x64
		{B0549153-31C4-4DE4-9FBE-54903FE1421F}.Release|x64.Deploy.0 = Release|x64
		{CB3E78E3-A652-4C63-B993-C99A788BC718}.Debug|Any CPU.ActiveCfg = Debug|x64
		{CB3E78E3-A652-4C63-B993-C99A788BC718}.Debug|x64.ActiveCfg = Debug|x64
		{CB3E78E3-A652-4C63-B993-C99A788BC718}.Debug|x64.Build.0 = Debug|x64
		{CB3E78E3-A652-4C63-B993-C99A788BC718}.Debug|x64.Deploy.0 = Debug|x64
		{CB3E78E3-A652-4C63-B993-C99A788BC718}.Release|Any CPU.ActiveCfg = Release|x64
		{CB3E78E3-A652-4C63-B993-C99A788BC718}.Release|x64.ActiveCfg = Release|x64
		{CB3E78E3-A652-4C63-B993-C99A788BC718}.Release|x64.Build.0 = Release|x64
		{CB3E78E3-A652-4C63-B993-C99A788BC718}.Release|x64.Deploy.0 = Release|x64
		{8854E8EF-2DF5-410D-94D9-B72B2D58EB3A}.Debug|Any CPU.ActiveCfg = Debug|x64
		{8854E8EF-2DF5-410D-94D9-B72B2D58EB3A}.Debug|x64.ActiveCfg = Debug|x64
		{8854E8EF-2DF5-410D-94D9-B72B2D58EB3A}.Debug|x64.Build.0 = Debug|x64
		{8854E8EF-2DF5-410D-94D9-B72B2D58EB3A}.Debug|x64.Deploy.0 = Debug|x64
		{8854E8EF-2DF5-410D-94D9-B72B2D58EB3A}.Release|Any CPU.ActiveCfg = Release|x64
		{8854E8EF-2DF5-410D-94D9-B72B2D58EB3A}.Release|x64.ActiveCfg = Release|x64
		{8854E8EF-2DF5-410D-94D9-B72B2D58EB3A}.Release|x64.Build.0 = Release|x64
		{8854E8EF-2DF5-410D-94D9-B72B2D58EB3A}.Release|x64.Deploy.0 = Release|x64
		{032A6008-D9CD-463C-A29D-6D3A12F2B205}.Debug|Any CPU.ActiveCfg = Debug|x64
		{032A6008-D9CD-463C-A29D-6D3A12F2B205}.Debug|x64.ActiveCfg = Debug|x64
		{032A6008-D9CD-463C-A29D-6D3A12F2B205}.Debug|x64.Build.0 = Debug|x64
		{032A6008-D9CD-463C-A29D-6D3A12F2B205}.Debug|x64.Deploy.0 = Debug|x64
		{032A6008-D9CD-463C-A29D-6D3A12F2B205}.Release|Any CPU.ActiveCfg = Release|x64
		{032A6008-D9CD-463C-A29D-6D3A12F2B205}.Release|x64.ActiveCfg = Release|x64
		{032A6008-D9CD-463C-A29D-6D3A12F2B205}.Release|x64.Build.0 = Release|x64
		{032A6008-D9CD-463C-A29D-6D3A12F2B205}.Release|x64.Deploy.0 = Release|x64
		{993BDA8D-C9BA-4206-BF94-F879C9A64707}.Debug|Any CPU.ActiveCfg = Debug|x64
		{993BDA8D-C9BA-4206-BF94-F879C9A64707}.Debug|x64.ActiveCfg = Debug|x64
		{993BDA8D-C9BA-4206-BF94-F879C9A64707}.Debug|x64.Build.0 = Debug|x64
		{993BDA8D-C9BA-4206-BF94-F879C9A64707}.Debug|x64.Deploy.0 = Debug|x64
		{993BDA8D-C9BA-4206-BF94-F879C9A64707}.Release|Any CPU.ActiveCfg = Release|x64
		{993BDA8D-C9BA-4206-BF94-F879C9A64707}.Release|x64.ActiveCfg = Release|x64
		{993BDA8D-C9BA-4206-BF94-F879C9A64707}.Release|x64.Build.0 = Release|x64
		{993BDA8D-C9BA-4206-BF94-F879C9A64707}.Release|x64.Deploy.0 = Release|x64
		{46A18DA3-AEC7-4A54-A2D7-6D64C51A2930}.Debug|Any CPU.ActiveCfg = Debug|Any CPU
		{46A18DA3-AEC7-4A54-A2D7-6D64C51A2930}.Debug|Any CPU.Build.0 = Debug|Any CPU
		{46A18DA3-AEC7-4A54-A2D7-6D64C51A2930}.Debug|x64.ActiveCfg = Debug|Any CPU
		{46A18DA3-AEC7-4A54-A2D7-6D64C51A2930}.Debug|x64.Build.0 = Debug|Any CPU
		{46A18DA3-AEC7-4A54-A2D7-6D64C51A2930}.Release|Any CPU.ActiveCfg = Release|Any CPU
		{46A18DA3-AEC7-4A54-A2D7-6D64C51A2930}.Release|Any CPU.Build.0 = Release|Any CPU
		{46A18DA3-AEC7-4A54-A2D7-6D64C51A2930}.Release|x64.ActiveCfg = Release|Any CPU
		{46A18DA3-AEC7-4A54-A2D7-6D64C51A2930}.Release|x64.Build.0 = Release|Any CPU
		{6CB47C02-18B5-4D20-9F78-9D3575B92B00}.Debug|Any CPU.ActiveCfg = Debug|Any CPU
		{6CB47C02-18B5-4D20-9F78-9D3575B92B00}.Debug|Any CPU.Build.0 = Debug|Any CPU
		{6CB47C02-18B5-4D20-9F78-9D3575B92B00}.Debug|x64.ActiveCfg = Debug|Any CPU
		{6CB47C02-18B5-4D20-9F78-9D3575B92B00}.Debug|x64.Build.0 = Debug|Any CPU
		{6CB47C02-18B5-4D20-9F78-9D3575B92B00}.Release|Any CPU.ActiveCfg = Release|Any CPU
		{6CB47C02-18B5-4D20-9F78-9D3575B92B00}.Release|Any CPU.Build.0 = Release|Any CPU
		{6CB47C02-18B5-4D20-9F78-9D3575B92B00}.Release|x64.ActiveCfg = Release|Any CPU
		{6CB47C02-18B5-4D20-9F78-9D3575B92B00}.Release|x64.Build.0 = Release|Any CPU
		{43D511EF-1F89-49C2-86F1-934FCA5F86E1}.Debug|Any CPU.ActiveCfg = Debug|Any CPU
		{43D511EF-1F89-49C2-86F1-934FCA5F86E1}.Debug|Any CPU.Build.0 = Debug|Any CPU
		{43D511EF-1F89-49C2-86F1-934FCA5F86E1}.Debug|x64.ActiveCfg = Debug|Any CPU
		{43D511EF-1F89-49C2-86F1-934FCA5F86E1}.Debug|x64.Build.0 = Debug|Any CPU
		{43D511EF-1F89-49C2-86F1-934FCA5F86E1}.Release|Any CPU.ActiveCfg = Release|Any CPU
		{43D511EF-1F89-49C2-86F1-934FCA5F86E1}.Release|Any CPU.Build.0 = Release|Any CPU
		{43D511EF-1F89-49C2-86F1-934FCA5F86E1}.Release|x64.ActiveCfg = Release|Any CPU
		{43D511EF-1F89-49C2-86F1-934FCA5F86E1}.Release|x64.Build.0 = Release|Any CPU
	EndGlobalSection
	GlobalSection(SolutionProperties) = preSolution
		HideSolutionNode = FALSE
	EndGlobalSection
	GlobalSection(NestedProjects) = preSolution
		{21779EDA-61E1-4B87-ABC1-B98F95052883} = {801399DA-63EE-46AC-AE6B-BBB8C853A659}
		{FE11AB17-C61B-4EA2-B4E9-0BF217AEFF91} = {801399DA-63EE-46AC-AE6B-BBB8C853A659}
		{05A492DC-37CC-47D1-B5DA-C484769A6A6E} = {465AA602-5D6C-487E-B938-F488208B31B4}
		{8D35C0D6-A4D5-4A48-9CB4-158D38D26821} = {465AA602-5D6C-487E-B938-F488208B31B4}
		{7170D6D8-2950-4EB3-93F6-D64F836358E8} = {1A346A5C-33E2-47C6-ABD1-6347B7FF69C6}
		{4AF8D2DE-FD5A-49AE-AC29-84C4FF2B55FF} = {1A346A5C-33E2-47C6-ABD1-6347B7FF69C6}
		{3BAD324C-F310-46B8-B8E9-E6CE91E728E8} = {1A346A5C-33E2-47C6-ABD1-6347B7FF69C6}
		{6AEC92A5-6F73-4142-A034-3C1304CF54AC} = {801399DA-63EE-46AC-AE6B-BBB8C853A659}
		{F530C042-0CAF-4A77-A138-6D82F9C4493C} = {801399DA-63EE-46AC-AE6B-BBB8C853A659}
		{B96D2B50-8454-42F8-9B6A-E1C04810F885} = {465AA602-5D6C-487E-B938-F488208B31B4}
		{728686A3-972D-4EB0-B0DD-C9413DD1D3C9} = {FE74990B-5AD3-4547-B272-B42CEC239FD8}
		{9A7BEF6A-A2E6-495C-AE4F-E7240B127AF1} = {FE74990B-5AD3-4547-B272-B42CEC239FD8}
		{A5C2A314-C1E5-4E28-9316-38658E076CCE} = {FE74990B-5AD3-4547-B272-B42CEC239FD8}
		{32141531-1572-49BA-8AB4-1ED2F86A99B2} = {2BC68929-310D-41AD-AEBD-8C81906210CB}
		{8AA23D44-C781-4DD2-B217-C354992A576C} = {2BC68929-310D-41AD-AEBD-8C81906210CB}
		{4146BF70-2EE6-427A-A290-ACAE1735BE9D} = {7281CDEA-E20F-449E-859B-65F3BFDA95B2}
		{D744AEE8-BAFE-465C-9279-93FE22F50005} = {7281CDEA-E20F-449E-859B-65F3BFDA95B2}
		{DA5C4948-7633-4C3D-82D7-3E6AD168B1CE} = {7281CDEA-E20F-449E-859B-65F3BFDA95B2}
		{311BBFC4-96BC-4208-B5D0-6D30C91E52CD} = {223711F9-9CE7-46F2-9E96-B19A46CBE59E}
		{35248832-5E92-4DFD-993F-8E81F886323F} = {223711F9-9CE7-46F2-9E96-B19A46CBE59E}
		{8A63A544-E7AE-4AD4-AE17-B7B0C9900BC5} = {FE74990B-5AD3-4547-B272-B42CEC239FD8}
		{61276567-8849-40E9-936E-BCBFECAA828A} = {223711F9-9CE7-46F2-9E96-B19A46CBE59E}
		{7C319DCC-33C2-4B4E-B641-B883783168AF} = {223711F9-9CE7-46F2-9E96-B19A46CBE59E}
		{E04A3C82-C5BD-4BAF-8690-6F3F0BDF5DEF} = {69CC1631-1768-4DB4-8FC6-F6E0A1E17BDD}
		{0FDBED95-47F0-4F86-A62E-D39B0C73AF05} = {69CC1631-1768-4DB4-8FC6-F6E0A1E17BDD}
		{E360E258-3902-4AE3-9F50-7889D5881944} = {69CC1631-1768-4DB4-8FC6-F6E0A1E17BDD}
		{F1474B5E-AB45-42B2-903A-295FC7A2820E} = {FE74990B-5AD3-4547-B272-B42CEC239FD8}
		{5E5B48D7-E697-4856-8906-A60AF37E58B4} = {FE74990B-5AD3-4547-B272-B42CEC239FD8}
		{46A18DA3-AEC7-4A54-A2D7-6D64C51A2930} = {7281CDEA-E20F-449E-859B-65F3BFDA95B2}
		{6CB47C02-18B5-4D20-9F78-9D3575B92B00} = {7281CDEA-E20F-449E-859B-65F3BFDA95B2}
		{43D511EF-1F89-49C2-86F1-934FCA5F86E1} = {FE74990B-5AD3-4547-B272-B42CEC239FD8}
	EndGlobalSection
	GlobalSection(ExtensibilityGlobals) = postSolution
		SolutionGuid = {58B394A1-4712-4321-A18B-75F49869A849}
	EndGlobalSection
EndGlobal
